
Microsoft Visual Studio Solution File, Format Version 12.00
# Visual Studio Version 17
VisualStudioVersion = 17.11.35327.3
MinimumVisualStudioVersion = 10.0.40219.1
Project("{9A19103F-16F7-4668-BE54-9A1E7A4F7556}") = "CodingChallenge", "C#CodingChallenge\CodingChallenge.csproj", "{C9DA6168-BB28-4A0F-B5FD-75CE2CB5B85D}"
EndProject
Project("{9A19103F-16F7-4668-BE54-9A1E7A4F7556}") = "CodingChallengeUnitTest", "CodingChallengeUnitTest\CodingChallengeUnitTest.csproj", "{D4E42ED7-27D6-4DFE-BF49-0D19ECA975F6}"
EndProject
Global
	GlobalSection(SolutionConfigurationPlatforms) = preSolution
		Debug|Any CPU = Debug|Any CPU
		Release|Any CPU = Release|Any CPU
	EndGlobalSection
	GlobalSection(ProjectConfigurationPlatforms) = postSolution
		{C9DA6168-BB28-4A0F-B5FD-75CE2CB5B85D}.Debug|Any CPU.ActiveCfg = Debug|Any CPU
		{C9DA6168-BB28-4A0F-B5FD-75CE2CB5B85D}.Debug|Any CPU.Build.0 = Debug|Any CPU
		{C9DA6168-BB28-4A0F-B5FD-75CE2CB5B85D}.Release|Any CPU.ActiveCfg = Release|Any CPU
		{C9DA6168-BB28-4A0F-B5FD-75CE2CB5B85D}.Release|Any CPU.Build.0 = Release|Any CPU
		{D4E42ED7-27D6-4DFE-BF49-0D19ECA975F6}.Debug|Any CPU.ActiveCfg = Debug|Any CPU
		{D4E42ED7-27D6-4DFE-BF49-0D19ECA975F6}.Debug|Any CPU.Build.0 = Debug|Any CPU
		{D4E42ED7-27D6-4DFE-BF49-0D19ECA975F6}.Release|Any CPU.ActiveCfg = Release|Any CPU
		{D4E42ED7-27D6-4DFE-BF49-0D19ECA975F6}.Release|Any CPU.Build.0 = Release|Any CPU
	EndGlobalSection
	GlobalSection(SolutionProperties) = preSolution
		HideSolutionNode = FALSE
	EndGlobalSection
	GlobalSection(ExtensibilityGlobals) = postSolution
		SolutionGuid = {74415AFF-6A4B-4F04-A361-569434ACC1CC}
	EndGlobalSection
EndGlobal
